
Microsoft Visual Studio Solution File, Format Version 12.00
# Visual Studio Version 17
VisualStudioVersion = 17.2.32602.215
MinimumVisualStudioVersion = 10.0.40219.1
Project("{FAE04EC0-301F-11D3-BF4B-00C04F79EFBC}") = "ATM", "ATM\ATM.csproj", "{7ED11EC6-E168-4595-A853-EDFD17C449F0}"
EndProject
Global
	GlobalSection(SolutionConfigurationPlatforms) = preSolution
		Debug|Any CPU = Debug|Any CPU
		Release|Any CPU = Release|Any CPU
	EndGlobalSection
	GlobalSection(ProjectConfigurationPlatforms) = postSolution
		{7ED11EC6-E168-4595-A853-EDFD17C449F0}.Debug|Any CPU.ActiveCfg = Debug|Any CPU
		{7ED11EC6-E168-4595-A853-EDFD17C449F0}.Debug|Any CPU.Build.0 = Debug|Any CPU
		{7ED11EC6-E168-4595-A853-EDFD17C449F0}.Release|Any CPU.ActiveCfg = Release|Any CPU
		{7ED11EC6-E168-4595-A853-EDFD17C449F0}.Release|Any CPU.Build.0 = Release|Any CPU
	EndGlobalSection
	GlobalSection(SolutionProperties) = preSolution
		HideSolutionNode = FALSE
	EndGlobalSection
	GlobalSection(ExtensibilityGlobals) = postSolution
		SolutionGuid = {0E86CBB6-3DD2-49FB-AA8D-698C9CE0983E}
	EndGlobalSection
EndGlobal
