
Microsoft Visual Studio Solution File, Format Version 12.00
# Visual Studio Version 17
VisualStudioVersion = 17.2.32602.215
MinimumVisualStudioVersion = 10.0.40219.1
Project("{9A19103F-16F7-4668-BE54-9A1E7A4F7556}") = "First_prg", "First_prg\First_prg.csproj", "{D90AECE2-2B65-4E94-B583-B30C20A3E953}"
EndProject
Project("{FAE04EC0-301F-11D3-BF4B-00C04F79EFBC}") = "DataTypes", "DataTypes\DataTypes.csproj", "{C8D06179-6B73-4130-B48C-2316E29E109B}"
EndProject
Project("{FAE04EC0-301F-11D3-BF4B-00C04F79EFBC}") = "ValueType", "ValueType\ValueType.csproj", "{9EED42C7-EE95-4AE9-9AD5-771C90A3A253}"
EndProject
Project("{FAE04EC0-301F-11D3-BF4B-00C04F79EFBC}") = "ReferenceType", "ReferenceType\ReferenceType.csproj", "{8AA35626-D25D-4312-9F54-374B3B557BF6}"
EndProject
Project("{FAE04EC0-301F-11D3-BF4B-00C04F79EFBC}") = "NumberFormat", "NumberFormat\NumberFormat.csproj", "{8964B26D-DA54-4B91-BA2C-0B1ED32BEE18}"
EndProject
Project("{FAE04EC0-301F-11D3-BF4B-00C04F79EFBC}") = "DateTimeFormat", "DateTimeFormat\DateTimeFormat.csproj", "{6AC8F7E4-C283-4743-B541-C8B5AE4A2B4A}"
EndProject
Project("{FAE04EC0-301F-11D3-BF4B-00C04F79EFBC}") = "ImplicitilyTypedLocal", "ImplicitilyTypedLocal\ImplicitilyTypedLocal.csproj", "{399A070E-8A5D-461C-B1C8-F7020128BFF1}"
EndProject
Project("{FAE04EC0-301F-11D3-BF4B-00C04F79EFBC}") = "AnonTypes", "AnonTypes\AnonTypes.csproj", "{631B3A89-EC7A-4F98-891F-4E933C112DFB}"
EndProject
Global
	GlobalSection(SolutionConfigurationPlatforms) = preSolution
		Debug|Any CPU = Debug|Any CPU
		Release|Any CPU = Release|Any CPU
	EndGlobalSection
	GlobalSection(ProjectConfigurationPlatforms) = postSolution
		{D90AECE2-2B65-4E94-B583-B30C20A3E953}.Debug|Any CPU.ActiveCfg = Debug|Any CPU
		{D90AECE2-2B65-4E94-B583-B30C20A3E953}.Debug|Any CPU.Build.0 = Debug|Any CPU
		{D90AECE2-2B65-4E94-B583-B30C20A3E953}.Release|Any CPU.ActiveCfg = Release|Any CPU
		{D90AECE2-2B65-4E94-B583-B30C20A3E953}.Release|Any CPU.Build.0 = Release|Any CPU
		{C8D06179-6B73-4130-B48C-2316E29E109B}.Debug|Any CPU.ActiveCfg = Debug|Any CPU
		{C8D06179-6B73-4130-B48C-2316E29E109B}.Debug|Any CPU.Build.0 = Debug|Any CPU
		{C8D06179-6B73-4130-B48C-2316E29E109B}.Release|Any CPU.ActiveCfg = Release|Any CPU
		{C8D06179-6B73-4130-B48C-2316E29E109B}.Release|Any CPU.Build.0 = Release|Any CPU
		{9EED42C7-EE95-4AE9-9AD5-771C90A3A253}.Debug|Any CPU.ActiveCfg = Debug|Any CPU
		{9EED42C7-EE95-4AE9-9AD5-771C90A3A253}.Debug|Any CPU.Build.0 = Debug|Any CPU
		{9EED42C7-EE95-4AE9-9AD5-771C90A3A253}.Release|Any CPU.ActiveCfg = Release|Any CPU
		{9EED42C7-EE95-4AE9-9AD5-771C90A3A253}.Release|Any CPU.Build.0 = Release|Any CPU
		{8AA35626-D25D-4312-9F54-374B3B557BF6}.Debug|Any CPU.ActiveCfg = Debug|Any CPU
		{8AA35626-D25D-4312-9F54-374B3B557BF6}.Debug|Any CPU.Build.0 = Debug|Any CPU
		{8AA35626-D25D-4312-9F54-374B3B557BF6}.Release|Any CPU.ActiveCfg = Release|Any CPU
		{8AA35626-D25D-4312-9F54-374B3B557BF6}.Release|Any CPU.Build.0 = Release|Any CPU
		{8964B26D-DA54-4B91-BA2C-0B1ED32BEE18}.Debug|Any CPU.ActiveCfg = Debug|Any CPU
		{8964B26D-DA54-4B91-BA2C-0B1ED32BEE18}.Debug|Any CPU.Build.0 = Debug|Any CPU
		{8964B26D-DA54-4B91-BA2C-0B1ED32BEE18}.Release|Any CPU.ActiveCfg = Release|Any CPU
		{8964B26D-DA54-4B91-BA2C-0B1ED32BEE18}.Release|Any CPU.Build.0 = Release|Any CPU
		{6AC8F7E4-C283-4743-B541-C8B5AE4A2B4A}.Debug|Any CPU.ActiveCfg = Debug|Any CPU
		{6AC8F7E4-C283-4743-B541-C8B5AE4A2B4A}.Debug|Any CPU.Build.0 = Debug|Any CPU
		{6AC8F7E4-C283-4743-B541-C8B5AE4A2B4A}.Release|Any CPU.ActiveCfg = Release|Any CPU
		{6AC8F7E4-C283-4743-B541-C8B5AE4A2B4A}.Release|Any CPU.Build.0 = Release|Any CPU
		{399A070E-8A5D-461C-B1C8-F7020128BFF1}.Debug|Any CPU.ActiveCfg = Debug|Any CPU
		{399A070E-8A5D-461C-B1C8-F7020128BFF1}.Debug|Any CPU.Build.0 = Debug|Any CPU
		{399A070E-8A5D-461C-B1C8-F7020128BFF1}.Release|Any CPU.ActiveCfg = Release|Any CPU
		{399A070E-8A5D-461C-B1C8-F7020128BFF1}.Release|Any CPU.Build.0 = Release|Any CPU
		{631B3A89-EC7A-4F98-891F-4E933C112DFB}.Debug|Any CPU.ActiveCfg = Debug|Any CPU
		{631B3A89-EC7A-4F98-891F-4E933C112DFB}.Debug|Any CPU.Build.0 = Debug|Any CPU
		{631B3A89-EC7A-4F98-891F-4E933C112DFB}.Release|Any CPU.ActiveCfg = Release|Any CPU
		{631B3A89-EC7A-4F98-891F-4E933C112DFB}.Release|Any CPU.Build.0 = Release|Any CPU
	EndGlobalSection
	GlobalSection(SolutionProperties) = preSolution
		HideSolutionNode = FALSE
	EndGlobalSection
	GlobalSection(ExtensibilityGlobals) = postSolution
		SolutionGuid = {D4DCC44C-B3BD-45EF-961E-C377B65D11A4}
	EndGlobalSection
EndGlobal
