
Microsoft Visual Studio Solution File, Format Version 12.00
# Visual Studio Version 17
VisualStudioVersion = 17.2.32602.215
MinimumVisualStudioVersion = 10.0.40219.1
Project("{FAE04EC0-301F-11D3-BF4B-00C04F79EFBC}") = "array", "array\array.csproj", "{73966000-79AF-4131-A5F4-DDBD48301385}"
EndProject
Global
	GlobalSection(SolutionConfigurationPlatforms) = preSolution
		Debug|Any CPU = Debug|Any CPU
		Release|Any CPU = Release|Any CPU
	EndGlobalSection
	GlobalSection(ProjectConfigurationPlatforms) = postSolution
		{73966000-79AF-4131-A5F4-DDBD48301385}.Debug|Any CPU.ActiveCfg = Debug|Any CPU
		{73966000-79AF-4131-A5F4-DDBD48301385}.Debug|Any CPU.Build.0 = Debug|Any CPU
		{73966000-79AF-4131-A5F4-DDBD48301385}.Release|Any CPU.ActiveCfg = Release|Any CPU
		{73966000-79AF-4131-A5F4-DDBD48301385}.Release|Any CPU.Build.0 = Release|Any CPU
	EndGlobalSection
	GlobalSection(SolutionProperties) = preSolution
		HideSolutionNode = FALSE
	EndGlobalSection
	GlobalSection(ExtensibilityGlobals) = postSolution
		SolutionGuid = {CBE2A0E2-B412-47DC-851E-74E9B1D381E6}
	EndGlobalSection
EndGlobal
